<?xml version="1.0" encoding="utf-8"?>
<Project ToolsVersion="4.0" xmlns="http://schemas.microsoft.com/developer/msbuild/2003">
  <ItemGroup>
    <Filter Include="Source Files">
      <UniqueIdentifier>{4FC737F1-C7A5-4376-A066-2A32D752A2FF}</UniqueIdentifier>
      <Extensions>cpp;c;cc;cxx;c++;cppm;ixx;def;odl;idl;hpj;bat;asm;asmx</Extensions>
    </Filter>
    <Filter Include="Header Files">
      <UniqueIdentifier>{93995380-89BD-4b04-88EB-625FBE52EBFB}</UniqueIdentifier>
      <Extensions>h;hh;hpp;hxx;h++;hm;inl;inc;ipp;xsd</Extensions>
    </Filter>
    <Filter Include="third-party">
      <UniqueIdentifier>{36e0a1d9-b5b1-4bc2-8d47-c91f2005b4f2}</UniqueIdentifier>
    </Filter>
    <Filter Include="third-party\kiero">
      <UniqueIdentifier>{1a9f0d6f-4fba-4930-ab4e-0ff707d55bed}</UniqueIdentifier>
    </Filter>
    <Filter Include="third-party\minhook">
      <UniqueIdentifier>{7e0a3679-0656-458b-9a63-5f6b46db96fb}</UniqueIdentifier>
    </Filter>
    <Filter Include="interface">
      <UniqueIdentifier>{2b7330b4-dca8-434e-8ee4-74818694bb33}</UniqueIdentifier>
    </Filter>
    <Filter Include="third-party\imgui">
      <UniqueIdentifier>{1e342428-763c-4da7-82c0-96bb12f97e82}</UniqueIdentifier>
    </Filter>
    <Filter Include="utils">
      <UniqueIdentifier>{69792c1f-1925-4015-804c-445beec002cd}</UniqueIdentifier>
    </Filter>
    <Filter Include="game">
      <UniqueIdentifier>{4971b604-b5d3-4941-8a4d-22f44042b83f}</UniqueIdentifier>
    </Filter>
  </ItemGroup>
  <ItemGroup>
    <ClInclude Include="header.h">
      <Filter>Header Files</Filter>
    </ClInclude>
    <ClInclude Include="thirdparty\kiero\kiero.h">
      <Filter>third-party\kiero</Filter>
    </ClInclude>
    <ClInclude Include="thirdparty\minhook\src\buffer.h">
      <Filter>third-party\minhook</Filter>
    </ClInclude>
    <ClInclude Include="thirdparty\minhook\src\trampoline.h">
      <Filter>third-party\minhook</Filter>
    </ClInclude>
    <ClInclude Include="thirdparty\minhook\src\hde\hde32.h">
      <Filter>third-party\minhook</Filter>
    </ClInclude>
    <ClInclude Include="thirdparty\minhook\src\hde\hde64.h">
      <Filter>third-party\minhook</Filter>
    </ClInclude>
    <ClInclude Include="thirdparty\minhook\src\hde\pstdint.h">
      <Filter>third-party\minhook</Filter>
    </ClInclude>
    <ClInclude Include="thirdparty\minhook\src\hde\table32.h">
      <Filter>third-party\minhook</Filter>
    </ClInclude>
    <ClInclude Include="thirdparty\minhook\src\hde\table64.h">
      <Filter>third-party\minhook</Filter>
    </ClInclude>
    <ClInclude Include="thirdparty\minhook\include\MinHook.h">
      <Filter>third-party\minhook</Filter>
    </ClInclude>
    <ClInclude Include="interface\d3d11_impl.h">
      <Filter>interface</Filter>
    </ClInclude>
    <ClInclude Include="interface\menu.h">
      <Filter>interface</Filter>
    </ClInclude>
    <ClInclude Include="interface\win32_impl.h">
      <Filter>interface</Filter>
    </ClInclude>
    <ClInclude Include="thirdparty\imgui\imconfig.h">
      <Filter>third-party\imgui</Filter>
    </ClInclude>
    <ClInclude Include="thirdparty\imgui\imgui.h">
      <Filter>third-party\imgui</Filter>
    </ClInclude>
    <ClInclude Include="thirdparty\imgui\imgui_impl_dx11.h">
      <Filter>third-party\imgui</Filter>
    </ClInclude>
    <ClInclude Include="thirdparty\imgui\imgui_impl_dx12.h">
      <Filter>third-party\imgui</Filter>
    </ClInclude>
    <ClInclude Include="thirdparty\imgui\imgui_impl_win32.h">
      <Filter>third-party\imgui</Filter>
    </ClInclude>
    <ClInclude Include="thirdparty\imgui\imgui_internal.h">
      <Filter>third-party\imgui</Filter>
    </ClInclude>
    <ClInclude Include="thirdparty\imgui\imstb_rectpack.h">
      <Filter>third-party\imgui</Filter>
    </ClInclude>
    <ClInclude Include="thirdparty\imgui\imstb_textedit.h">
      <Filter>third-party\imgui</Filter>
    </ClInclude>
    <ClInclude Include="thirdparty\imgui\imstb_truetype.h">
      <Filter>third-party\imgui</Filter>
    </ClInclude>
    <ClInclude Include="utils\mem.h">
      <Filter>utils</Filter>
    </ClInclude>
    <ClInclude Include="utils\ntos.h">
      <Filter>utils</Filter>
    </ClInclude>
    <ClInclude Include="utils\utils.h">
      <Filter>utils</Filter>
    </ClInclude>
    <ClInclude Include="game\classes.h">
      <Filter>game</Filter>
    </ClInclude>
    <ClInclude Include="game\game_manager.h">
      <Filter>game</Filter>
    </ClInclude>
    <ClInclude Include="game\shared_config.h">
      <Filter>game</Filter>
    </ClInclude>
    <ClInclude Include="interface\d3d12_impl.h">
      <Filter>interface</Filter>
    </ClInclude>
    <ClInclude Include="interface\steam.h">
      <Filter>interface</Filter>
    </ClInclude>
    <ClInclude Include="game\hooks.h">
      <Filter>game</Filter>
    </ClInclude>
  </ItemGroup>
  <ItemGroup>
    <ClCompile Include="HunterSkill.cpp">
      <Filter>Source Files</Filter>
    </ClCompile>
    <ClCompile Include="thirdparty\kiero\kiero.cpp">
      <Filter>third-party\kiero</Filter>
    </ClCompile>
    <ClCompile Include="thirdparty\minhook\src\buffer.c">
      <Filter>third-party\minhook</Filter>
    </ClCompile>
    <ClCompile Include="thirdparty\minhook\src\hook.c">
      <Filter>third-party\minhook</Filter>
    </ClCompile>
    <ClCompile Include="thirdparty\minhook\src\trampoline.c">
      <Filter>third-party\minhook</Filter>
    </ClCompile>
    <ClCompile Include="thirdparty\minhook\src\hde\hde32.c">
      <Filter>third-party\minhook</Filter>
    </ClCompile>
    <ClCompile Include="thirdparty\minhook\src\hde\hde64.c">
      <Filter>third-party\minhook</Filter>
    </ClCompile>
    <ClCompile Include="interface\d3d11_impl.cpp">
      <Filter>interface</Filter>
    </ClCompile>
    <ClCompile Include="interface\menu.cpp">
      <Filter>interface</Filter>
    </ClCompile>
    <ClCompile Include="interface\win32_impl.cpp">
      <Filter>interface</Filter>
    </ClCompile>
    <ClCompile Include="thirdparty\imgui\imgui.cpp">
      <Filter>third-party\imgui</Filter>
    </ClCompile>
    <ClCompile Include="thirdparty\imgui\imgui_draw.cpp">
      <Filter>third-party\imgui</Filter>
    </ClCompile>
    <ClCompile Include="thirdparty\imgui\imgui_impl_dx11.cpp">
      <Filter>third-party\imgui</Filter>
    </ClCompile>
    <ClCompile Include="thirdparty\imgui\imgui_impl_dx12.cpp">
      <Filter>third-party\imgui</Filter>
    </ClCompile>
    <ClCompile Include="thirdparty\imgui\imgui_impl_win32.cpp">
      <Filter>third-party\imgui</Filter>
    </ClCompile>
    <ClCompile Include="thirdparty\imgui\imgui_tables.cpp">
      <Filter>third-party\imgui</Filter>
    </ClCompile>
    <ClCompile Include="thirdparty\imgui\imgui_widgets.cpp">
      <Filter>third-party\imgui</Filter>
    </ClCompile>
    <ClCompile Include="utils\mem.cpp">
      <Filter>utils</Filter>
    </ClCompile>
    <ClCompile Include="utils\utils.cpp">
      <Filter>utils</Filter>
    </ClCompile>
    <ClCompile Include="game\game_manager.cpp">
      <Filter>game</Filter>
    </ClCompile>
    <ClCompile Include="game\shared_config.cpp">
      <Filter>game</Filter>
    </ClCompile>
    <ClCompile Include="interface\d3d12_impl.cpp">
      <Filter>interface</Filter>
    </ClCompile>
    <ClCompile Include="interface\steam.cpp">
      <Filter>interface</Filter>
    </ClCompile>
    <ClCompile Include="game\hooks.cpp">
      <Filter>game</Filter>
    </ClCompile>
  </ItemGroup>
</Project>